
Microsoft Visual Studio Solution File, Format Version 12.00
Project("{FAE04EC0-301F-11D3-BF4B-00C04F79EFBC}") = "AdminNotificator.Core", "AdminNotificator.Core\AdminNotificator.Core.csproj", "{2D8C4944-D4A9-4EED-8B94-5EFD3ECB2702}"
EndProject
Project("{FAE04EC0-301F-11D3-BF4B-00C04F79EFBC}") = "AdminNotificator.Tests", "AdminNotificator.Tests\AdminNotificator.Tests.csproj", "{08521AE3-DA5D-46EC-8953-D59D59BAF752}"
EndProject
Project("{FAE04EC0-301F-11D3-BF4B-00C04F79EFBC}") = "AdminNotificator.WebApi", "AdminNotificator.WebApi\AdminNotificator.WebApi.csproj", "{7F8235DA-5D25-44BB-86B3-217F39FD9D40}"
EndProject
Project("{FAE04EC0-301F-11D3-BF4B-00C04F79EFBC}") = "AdminNotificator.Application", "AdminNotificator.Application\AdminNotificator.Application.csproj", "{FB2BEFE3-503F-4F6C-89C2-3D16D084FC6F}"
EndProject
Global
	GlobalSection(SolutionConfigurationPlatforms) = preSolution
		Debug|Any CPU = Debug|Any CPU
		Release|Any CPU = Release|Any CPU
	EndGlobalSection
	GlobalSection(ProjectConfigurationPlatforms) = postSolution
		{2D8C4944-D4A9-4EED-8B94-5EFD3ECB2702}.Debug|Any CPU.ActiveCfg = Debug|Any CPU
		{2D8C4944-D4A9-4EED-8B94-5EFD3ECB2702}.Debug|Any CPU.Build.0 = Debug|Any CPU
		{2D8C4944-D4A9-4EED-8B94-5EFD3ECB2702}.Release|Any CPU.ActiveCfg = Release|Any CPU
		{2D8C4944-D4A9-4EED-8B94-5EFD3ECB2702}.Release|Any CPU.Build.0 = Release|Any CPU
		{08521AE3-DA5D-46EC-8953-D59D59BAF752}.Debug|Any CPU.ActiveCfg = Debug|Any CPU
		{08521AE3-DA5D-46EC-8953-D59D59BAF752}.Debug|Any CPU.Build.0 = Debug|Any CPU
		{08521AE3-DA5D-46EC-8953-D59D59BAF752}.Release|Any CPU.ActiveCfg = Release|Any CPU
		{08521AE3-DA5D-46EC-8953-D59D59BAF752}.Release|Any CPU.Build.0 = Release|Any CPU
		{7F8235DA-5D25-44BB-86B3-217F39FD9D40}.Debug|Any CPU.ActiveCfg = Debug|Any CPU
		{7F8235DA-5D25-44BB-86B3-217F39FD9D40}.Debug|Any CPU.Build.0 = Debug|Any CPU
		{7F8235DA-5D25-44BB-86B3-217F39FD9D40}.Release|Any CPU.ActiveCfg = Release|Any CPU
		{7F8235DA-5D25-44BB-86B3-217F39FD9D40}.Release|Any CPU.Build.0 = Release|Any CPU
		{FB2BEFE3-503F-4F6C-89C2-3D16D084FC6F}.Debug|Any CPU.ActiveCfg = Debug|Any CPU
		{FB2BEFE3-503F-4F6C-89C2-3D16D084FC6F}.Debug|Any CPU.Build.0 = Debug|Any CPU
		{FB2BEFE3-503F-4F6C-89C2-3D16D084FC6F}.Release|Any CPU.ActiveCfg = Release|Any CPU
		{FB2BEFE3-503F-4F6C-89C2-3D16D084FC6F}.Release|Any CPU.Build.0 = Release|Any CPU
	EndGlobalSection
EndGlobal
